
Microsoft Visual Studio Solution File, Format Version 12.00
# Visual Studio Version 17
VisualStudioVersion = 17.5.33424.131
MinimumVisualStudioVersion = 10.0.40219.1
Project("{9A19103F-16F7-4668-BE54-9A1E7A4F7556}") = "Exceptions and Error Handling", "Exceptions and Error Handling\Exceptions and Error Handling.csproj", "{CC371DA0-A924-4B11-9E2D-C386DFDB16AF}"
EndProject
Project("{FAE04EC0-301F-11D3-BF4B-00C04F79EFBC}") = "Enter Numbers", "Enter Numbers\Enter Numbers.csproj", "{4A879AED-87C8-4B22-8E03-CAA1C0276748}"
EndProject
Global
	GlobalSection(SolutionConfigurationPlatforms) = preSolution
		Debug|Any CPU = Debug|Any CPU
		Release|Any CPU = Release|Any CPU
	EndGlobalSection
	GlobalSection(ProjectConfigurationPlatforms) = postSolution
		{CC371DA0-A924-4B11-9E2D-C386DFDB16AF}.Debug|Any CPU.ActiveCfg = Debug|Any CPU
		{CC371DA0-A924-4B11-9E2D-C386DFDB16AF}.Debug|Any CPU.Build.0 = Debug|Any CPU
		{CC371DA0-A924-4B11-9E2D-C386DFDB16AF}.Release|Any CPU.ActiveCfg = Release|Any CPU
		{CC371DA0-A924-4B11-9E2D-C386DFDB16AF}.Release|Any CPU.Build.0 = Release|Any CPU
		{4A879AED-87C8-4B22-8E03-CAA1C0276748}.Debug|Any CPU.ActiveCfg = Debug|Any CPU
		{4A879AED-87C8-4B22-8E03-CAA1C0276748}.Debug|Any CPU.Build.0 = Debug|Any CPU
		{4A879AED-87C8-4B22-8E03-CAA1C0276748}.Release|Any CPU.ActiveCfg = Release|Any CPU
		{4A879AED-87C8-4B22-8E03-CAA1C0276748}.Release|Any CPU.Build.0 = Release|Any CPU
	EndGlobalSection
	GlobalSection(SolutionProperties) = preSolution
		HideSolutionNode = FALSE
	EndGlobalSection
	GlobalSection(ExtensibilityGlobals) = postSolution
		SolutionGuid = {6C75BB1A-3C55-4FA6-911F-2CB82E6AD20C}
	EndGlobalSection
EndGlobal
