
Microsoft Visual Studio Solution File, Format Version 12.00
# Visual Studio Version 17
VisualStudioVersion = 17.5.33424.131
MinimumVisualStudioVersion = 10.0.40219.1
Project("{FAE04EC0-301F-11D3-BF4B-00C04F79EFBC}") = "Logger", "Logger\Logger.csproj", "{EFC315B6-45AF-40CF-8391-C09384CF4A96}"
EndProject
Project("{FAE04EC0-301F-11D3-BF4B-00C04F79EFBC}") = "Log", "Log\Log.csproj", "{3C7B5543-23F0-4D58-9ECD-6602D8008E3E}"
EndProject
Global
	GlobalSection(SolutionConfigurationPlatforms) = preSolution
		Debug|Any CPU = Debug|Any CPU
		Release|Any CPU = Release|Any CPU
	EndGlobalSection
	GlobalSection(ProjectConfigurationPlatforms) = postSolution
		{EFC315B6-45AF-40CF-8391-C09384CF4A96}.Debug|Any CPU.ActiveCfg = Debug|Any CPU
		{EFC315B6-45AF-40CF-8391-C09384CF4A96}.Debug|Any CPU.Build.0 = Debug|Any CPU
		{EFC315B6-45AF-40CF-8391-C09384CF4A96}.Release|Any CPU.ActiveCfg = Release|Any CPU
		{EFC315B6-45AF-40CF-8391-C09384CF4A96}.Release|Any CPU.Build.0 = Release|Any CPU
		{3C7B5543-23F0-4D58-9ECD-6602D8008E3E}.Debug|Any CPU.ActiveCfg = Debug|Any CPU
		{3C7B5543-23F0-4D58-9ECD-6602D8008E3E}.Debug|Any CPU.Build.0 = Debug|Any CPU
		{3C7B5543-23F0-4D58-9ECD-6602D8008E3E}.Release|Any CPU.ActiveCfg = Release|Any CPU
		{3C7B5543-23F0-4D58-9ECD-6602D8008E3E}.Release|Any CPU.Build.0 = Release|Any CPU
	EndGlobalSection
	GlobalSection(SolutionProperties) = preSolution
		HideSolutionNode = FALSE
	EndGlobalSection
	GlobalSection(ExtensibilityGlobals) = postSolution
		SolutionGuid = {7595E9EB-B950-453C-8330-E72EEDB2A912}
	EndGlobalSection
EndGlobal
