
Microsoft Visual Studio Solution File, Format Version 12.00
# Visual Studio Version 17
VisualStudioVersion = 17.5.33424.131
MinimumVisualStudioVersion = 10.0.40219.1
Project("{9A19103F-16F7-4668-BE54-9A1E7A4F7556}") = "CreateAttributes", "CreateAttributes\CreateAttributes.csproj", "{12847E3A-7DD2-4CB1-AEB9-72EA00B8AA2C}"
EndProject
Project("{FAE04EC0-301F-11D3-BF4B-00C04F79EFBC}") = "Stealer", "Stealer\Stealer.csproj", "{F84398A5-04D7-4BB4-997B-DC4C10E046BC}"
EndProject
Project("{FAE04EC0-301F-11D3-BF4B-00C04F79EFBC}") = "HighQualityMistakes", "HighQualityMistakes\HighQualityMistakes.csproj", "{9FDE8403-7F08-467B-AC7F-7151D7B302F4}"
EndProject
Project("{FAE04EC0-301F-11D3-BF4B-00C04F79EFBC}") = "3. MissionPrivateImpossible", "3. MissionPrivateImpossible\3. MissionPrivateImpossible.csproj", "{AD5B305F-7DF7-47E0-AC06-044185475C5C}"
EndProject
Project("{FAE04EC0-301F-11D3-BF4B-00C04F79EFBC}") = "Collector", "Collector\Collector.csproj", "{08A677CE-9E3B-4F74-A993-9226D1679BB1}"
EndProject
Global
	GlobalSection(SolutionConfigurationPlatforms) = preSolution
		Debug|Any CPU = Debug|Any CPU
		Release|Any CPU = Release|Any CPU
	EndGlobalSection
	GlobalSection(ProjectConfigurationPlatforms) = postSolution
		{12847E3A-7DD2-4CB1-AEB9-72EA00B8AA2C}.Debug|Any CPU.ActiveCfg = Debug|Any CPU
		{12847E3A-7DD2-4CB1-AEB9-72EA00B8AA2C}.Debug|Any CPU.Build.0 = Debug|Any CPU
		{12847E3A-7DD2-4CB1-AEB9-72EA00B8AA2C}.Release|Any CPU.ActiveCfg = Release|Any CPU
		{12847E3A-7DD2-4CB1-AEB9-72EA00B8AA2C}.Release|Any CPU.Build.0 = Release|Any CPU
		{F84398A5-04D7-4BB4-997B-DC4C10E046BC}.Debug|Any CPU.ActiveCfg = Debug|Any CPU
		{F84398A5-04D7-4BB4-997B-DC4C10E046BC}.Debug|Any CPU.Build.0 = Debug|Any CPU
		{F84398A5-04D7-4BB4-997B-DC4C10E046BC}.Release|Any CPU.ActiveCfg = Release|Any CPU
		{F84398A5-04D7-4BB4-997B-DC4C10E046BC}.Release|Any CPU.Build.0 = Release|Any CPU
		{9FDE8403-7F08-467B-AC7F-7151D7B302F4}.Debug|Any CPU.ActiveCfg = Debug|Any CPU
		{9FDE8403-7F08-467B-AC7F-7151D7B302F4}.Debug|Any CPU.Build.0 = Debug|Any CPU
		{9FDE8403-7F08-467B-AC7F-7151D7B302F4}.Release|Any CPU.ActiveCfg = Release|Any CPU
		{9FDE8403-7F08-467B-AC7F-7151D7B302F4}.Release|Any CPU.Build.0 = Release|Any CPU
		{AD5B305F-7DF7-47E0-AC06-044185475C5C}.Debug|Any CPU.ActiveCfg = Debug|Any CPU
		{AD5B305F-7DF7-47E0-AC06-044185475C5C}.Debug|Any CPU.Build.0 = Debug|Any CPU
		{AD5B305F-7DF7-47E0-AC06-044185475C5C}.Release|Any CPU.ActiveCfg = Release|Any CPU
		{AD5B305F-7DF7-47E0-AC06-044185475C5C}.Release|Any CPU.Build.0 = Release|Any CPU
		{08A677CE-9E3B-4F74-A993-9226D1679BB1}.Debug|Any CPU.ActiveCfg = Debug|Any CPU
		{08A677CE-9E3B-4F74-A993-9226D1679BB1}.Debug|Any CPU.Build.0 = Debug|Any CPU
		{08A677CE-9E3B-4F74-A993-9226D1679BB1}.Release|Any CPU.ActiveCfg = Release|Any CPU
		{08A677CE-9E3B-4F74-A993-9226D1679BB1}.Release|Any CPU.Build.0 = Release|Any CPU
	EndGlobalSection
	GlobalSection(SolutionProperties) = preSolution
		HideSolutionNode = FALSE
	EndGlobalSection
	GlobalSection(ExtensibilityGlobals) = postSolution
		SolutionGuid = {ABB10C59-9AF4-4AA7-B7E1-972E6669D7F2}
	EndGlobalSection
EndGlobal
